
Microsoft Visual Studio Solution File, Format Version 12.00
# Visual Studio Version 17
VisualStudioVersion = 17.11.35303.130
MinimumVisualStudioVersion = 10.0.40219.1
Project("{FAE04EC0-301F-11D3-BF4B-00C04F79EFBC}") = "BankingManagementSystem", "BankingManagementSystem\BankingManagementSystem.csproj", "{ADA1E301-5249-43D4-8DBF-875D68BD6BBA}"
EndProject
Global
	GlobalSection(SolutionConfigurationPlatforms) = preSolution
		Debug|Any CPU = Debug|Any CPU
		Release|Any CPU = Release|Any CPU
	EndGlobalSection
	GlobalSection(ProjectConfigurationPlatforms) = postSolution
		{ADA1E301-5249-43D4-8DBF-875D68BD6BBA}.Debug|Any CPU.ActiveCfg = Debug|Any CPU
		{ADA1E301-5249-43D4-8DBF-875D68BD6BBA}.Debug|Any CPU.Build.0 = Debug|Any CPU
		{ADA1E301-5249-43D4-8DBF-875D68BD6BBA}.Release|Any CPU.ActiveCfg = Release|Any CPU
		{ADA1E301-5249-43D4-8DBF-875D68BD6BBA}.Release|Any CPU.Build.0 = Release|Any CPU
	EndGlobalSection
	GlobalSection(SolutionProperties) = preSolution
		HideSolutionNode = FALSE
	EndGlobalSection
	GlobalSection(ExtensibilityGlobals) = postSolution
		SolutionGuid = {534D6CE7-934C-4806-A248-9D70FA6176D8}
	EndGlobalSection
EndGlobal
